
Microsoft Visual Studio Solution File, Format Version 12.00
# Visual Studio Version 16
VisualStudioVersion = 16.0.29306.81
MinimumVisualStudioVersion = 10.0.40219.1
Project("{FAE04EC0-301F-11D3-BF4B-00C04F79EFBC}") = "TimetableTalk.Android", "TimetableTalk\TimetableTalk.Android\TimetableTalk.Android.csproj", "{54295D0A-0BE5-4FE7-ACDE-DFFA1B6378FB}"
EndProject
Project("{FAE04EC0-301F-11D3-BF4B-00C04F79EFBC}") = "TimetableTalk.iOS", "TimetableTalk\TimetableTalk.iOS\TimetableTalk.iOS.csproj", "{67CDE07B-383A-4741-A607-38BE73ECD2AA}"
EndProject
Project("{FAE04EC0-301F-11D3-BF4B-00C04F79EFBC}") = "TimetableTalk", "TimetableTalk\TimetableTalk\TimetableTalk.csproj", "{340A0FCB-417C-4659-BFE9-CA6D9278FD85}"
EndProject
Global
	GlobalSection(SolutionConfigurationPlatforms) = preSolution
		Debug|Any CPU = Debug|Any CPU
		Debug|iPhone = Debug|iPhone
		Debug|iPhoneSimulator = Debug|iPhoneSimulator
		Release|Any CPU = Release|Any CPU
		Release|iPhone = Release|iPhone
		Release|iPhoneSimulator = Release|iPhoneSimulator
	EndGlobalSection
	GlobalSection(ProjectConfigurationPlatforms) = postSolution
		{54295D0A-0BE5-4FE7-ACDE-DFFA1B6378FB}.Debug|Any CPU.ActiveCfg = Debug|Any CPU
		{54295D0A-0BE5-4FE7-ACDE-DFFA1B6378FB}.Debug|Any CPU.Build.0 = Debug|Any CPU
		{54295D0A-0BE5-4FE7-ACDE-DFFA1B6378FB}.Debug|Any CPU.Deploy.0 = Debug|Any CPU
		{54295D0A-0BE5-4FE7-ACDE-DFFA1B6378FB}.Debug|iPhone.ActiveCfg = Debug|Any CPU
		{54295D0A-0BE5-4FE7-ACDE-DFFA1B6378FB}.Debug|iPhone.Build.0 = Debug|Any CPU
		{54295D0A-0BE5-4FE7-ACDE-DFFA1B6378FB}.Debug|iPhone.Deploy.0 = Debug|Any CPU
		{54295D0A-0BE5-4FE7-ACDE-DFFA1B6378FB}.Debug|iPhoneSimulator.ActiveCfg = Debug|Any CPU
		{54295D0A-0BE5-4FE7-ACDE-DFFA1B6378FB}.Debug|iPhoneSimulator.Build.0 = Debug|Any CPU
		{54295D0A-0BE5-4FE7-ACDE-DFFA1B6378FB}.Debug|iPhoneSimulator.Deploy.0 = Debug|Any CPU
		{54295D0A-0BE5-4FE7-ACDE-DFFA1B6378FB}.Release|Any CPU.ActiveCfg = Release|Any CPU
		{54295D0A-0BE5-4FE7-ACDE-DFFA1B6378FB}.Release|Any CPU.Build.0 = Release|Any CPU
		{54295D0A-0BE5-4FE7-ACDE-DFFA1B6378FB}.Release|Any CPU.Deploy.0 = Release|Any CPU
		{54295D0A-0BE5-4FE7-ACDE-DFFA1B6378FB}.Release|iPhone.ActiveCfg = Release|Any CPU
		{54295D0A-0BE5-4FE7-ACDE-DFFA1B6378FB}.Release|iPhone.Build.0 = Release|Any CPU
		{54295D0A-0BE5-4FE7-ACDE-DFFA1B6378FB}.Release|iPhone.Deploy.0 = Release|Any CPU
		{54295D0A-0BE5-4FE7-ACDE-DFFA1B6378FB}.Release|iPhoneSimulator.ActiveCfg = Release|Any CPU
		{54295D0A-0BE5-4FE7-ACDE-DFFA1B6378FB}.Release|iPhoneSimulator.Build.0 = Release|Any CPU
		{54295D0A-0BE5-4FE7-ACDE-DFFA1B6378FB}.Release|iPhoneSimulator.Deploy.0 = Release|Any CPU
		{67CDE07B-383A-4741-A607-38BE73ECD2AA}.Debug|Any CPU.ActiveCfg = Debug|iPhoneSimulator
		{67CDE07B-383A-4741-A607-38BE73ECD2AA}.Debug|Any CPU.Build.0 = Debug|iPhoneSimulator
		{67CDE07B-383A-4741-A607-38BE73ECD2AA}.Debug|Any CPU.Deploy.0 = Debug|iPhoneSimulator
		{67CDE07B-383A-4741-A607-38BE73ECD2AA}.Debug|iPhone.ActiveCfg = Debug|iPhone
		{67CDE07B-383A-4741-A607-38BE73ECD2AA}.Debug|iPhone.Build.0 = Debug|iPhone
		{67CDE07B-383A-4741-A607-38BE73ECD2AA}.Debug|iPhone.Deploy.0 = Debug|iPhone
		{67CDE07B-383A-4741-A607-38BE73ECD2AA}.Debug|iPhoneSimulator.ActiveCfg = Debug|iPhoneSimulator
		{67CDE07B-383A-4741-A607-38BE73ECD2AA}.Debug|iPhoneSimulator.Build.0 = Debug|iPhoneSimulator
		{67CDE07B-383A-4741-A607-38BE73ECD2AA}.Debug|iPhoneSimulator.Deploy.0 = Debug|iPhoneSimulator
		{67CDE07B-383A-4741-A607-38BE73ECD2AA}.Release|Any CPU.ActiveCfg = Release|iPhone
		{67CDE07B-383A-4741-A607-38BE73ECD2AA}.Release|Any CPU.Build.0 = Release|iPhone
		{67CDE07B-383A-4741-A607-38BE73ECD2AA}.Release|Any CPU.Deploy.0 = Release|iPhone
		{67CDE07B-383A-4741-A607-38BE73ECD2AA}.Release|iPhone.ActiveCfg = Release|iPhone
		{67CDE07B-383A-4741-A607-38BE73ECD2AA}.Release|iPhone.Build.0 = Release|iPhone
		{67CDE07B-383A-4741-A607-38BE73ECD2AA}.Release|iPhone.Deploy.0 = Release|iPhone
		{67CDE07B-383A-4741-A607-38BE73ECD2AA}.Release|iPhoneSimulator.ActiveCfg = Release|iPhoneSimulator
		{67CDE07B-383A-4741-A607-38BE73ECD2AA}.Release|iPhoneSimulator.Build.0 = Release|iPhoneSimulator
		{67CDE07B-383A-4741-A607-38BE73ECD2AA}.Release|iPhoneSimulator.Deploy.0 = Release|iPhoneSimulator
		{340A0FCB-417C-4659-BFE9-CA6D9278FD85}.Debug|Any CPU.ActiveCfg = Debug|Any CPU
		{340A0FCB-417C-4659-BFE9-CA6D9278FD85}.Debug|Any CPU.Build.0 = Debug|Any CPU
		{340A0FCB-417C-4659-BFE9-CA6D9278FD85}.Debug|Any CPU.Deploy.0 = Debug|Any CPU
		{340A0FCB-417C-4659-BFE9-CA6D9278FD85}.Debug|iPhone.ActiveCfg = Debug|Any CPU
		{340A0FCB-417C-4659-BFE9-CA6D9278FD85}.Debug|iPhone.Build.0 = Debug|Any CPU
		{340A0FCB-417C-4659-BFE9-CA6D9278FD85}.Debug|iPhone.Deploy.0 = Debug|Any CPU
		{340A0FCB-417C-4659-BFE9-CA6D9278FD85}.Debug|iPhoneSimulator.ActiveCfg = Debug|Any CPU
		{340A0FCB-417C-4659-BFE9-CA6D9278FD85}.Debug|iPhoneSimulator.Build.0 = Debug|Any CPU
		{340A0FCB-417C-4659-BFE9-CA6D9278FD85}.Debug|iPhoneSimulator.Deploy.0 = Debug|Any CPU
		{340A0FCB-417C-4659-BFE9-CA6D9278FD85}.Release|Any CPU.ActiveCfg = Release|Any CPU
		{340A0FCB-417C-4659-BFE9-CA6D9278FD85}.Release|Any CPU.Build.0 = Release|Any CPU
		{340A0FCB-417C-4659-BFE9-CA6D9278FD85}.Release|Any CPU.Deploy.0 = Release|Any CPU
		{340A0FCB-417C-4659-BFE9-CA6D9278FD85}.Release|iPhone.ActiveCfg = Release|Any CPU
		{340A0FCB-417C-4659-BFE9-CA6D9278FD85}.Release|iPhone.Build.0 = Release|Any CPU
		{340A0FCB-417C-4659-BFE9-CA6D9278FD85}.Release|iPhone.Deploy.0 = Release|Any CPU
		{340A0FCB-417C-4659-BFE9-CA6D9278FD85}.Release|iPhoneSimulator.ActiveCfg = Release|Any CPU
		{340A0FCB-417C-4659-BFE9-CA6D9278FD85}.Release|iPhoneSimulator.Build.0 = Release|Any CPU
		{340A0FCB-417C-4659-BFE9-CA6D9278FD85}.Release|iPhoneSimulator.Deploy.0 = Release|Any CPU
	EndGlobalSection
	GlobalSection(SolutionProperties) = preSolution
		HideSolutionNode = FALSE
	EndGlobalSection
	GlobalSection(ExtensibilityGlobals) = postSolution
		SolutionGuid = {312187CD-3F6D-45A0-8D02-2B6C27B27E04}
	EndGlobalSection
EndGlobal
